<?xml version="1.0" encoding="utf-8"?>
<Project ToolsVersion="4.0" xmlns="http://schemas.microsoft.com/developer/msbuild/2003">
  <ItemGroup>
    <Filter Include="Source Files">
      <UniqueIdentifier>{A2EA4A1C-9F32-4C4A-88AB-FB213AD9C7E1}</UniqueIdentifier>
    </Filter>
    <Filter Include="Header Files">
      <UniqueIdentifier>{4BA52B7B-BD73-42DC-9C8D-6E20F12A2500}</UniqueIdentifier>
    </Filter>
  </ItemGroup>
  <ItemGroup>
    <ClCompile Include="main.cpp">
      <Filter>Source Files</Filter>
    </ClCompile>
    <ClCompile Include="application\ConsoleApplication.cpp">
      <Filter>Source Files</Filter>
    </ClCompile>
    <ClCompile Include="factory\CountingStrategyFactory.cpp">
      <Filter>Source Files</Filter>
    </ClCompile>
    <ClCompile Include="model\CharacterData.cpp">
      <Filter>Source Files</Filter>
    </ClCompile>
    <ClCompile Include="service\FileService.cpp">
      <Filter>Source Files</Filter>
    </ClCompile>
    <ClCompile Include="strategy\UnorderedMapCountingStrategy.cpp">
      <Filter>Source Files</Filter>
    </ClCompile>
    <ClCompile Include="utils\Utf8Converter.cpp">
      <Filter>Source Files</Filter>
    </ClCompile>
  </ItemGroup>
  <ItemGroup>
    <ClInclude Include="application\ConsoleApplication.h">
      <Filter>Header Files</Filter>
    </ClInclude>
    <ClInclude Include="factory\CountingStrategyFactory.h">
      <Filter>Header Files</Filter>
    </ClInclude>
    <ClInclude Include="model\CharacterData.h">
      <Filter>Header Files</Filter>
    </ClInclude>
    <ClInclude Include="service\FileService.h">
      <Filter>Header Files</Filter>
    </ClInclude>
    <ClInclude Include="strategy\ICharacterCountingStrategy.h">
      <Filter>Header Files</Filter>
    </ClInclude>
    <ClInclude Include="strategy\UnorderedMapCountingStrategy.h">
      <Filter>Header Files</Filter>
    </ClInclude>
    <ClInclude Include="utils\Utf8Converter.h">
      <Filter>Header Files</Filter>
    </ClInclude>
  </ItemGroup>
  <ItemGroup>
    <None Include="CMakeLists.txt" />
    <None Include="README.md" />
  </ItemGroup>
</Project>